// !$*UTF8*$!
{
	archiveVersion = 1;
	classes = {
	};
	objectVersion = 51;
	objects = {

/* Begin PBXBuildFile section */
		2C71ED0AD4CB47D8BD2F9237 /* Pods_Bounty_BountyUITests.framework in Frameworks */ = {isa = PBXBuildFile; fileRef = 90542F9DDE5BD0CA7172B5E7 /* Pods_Bounty_BountyUITests.framework */; };
		4B96A2C765815040E8E5B6D7 /* Pods_BountyTests.framework in Frameworks */ = {isa = PBXBuildFile; fileRef = 059A0E77C6313B174590C951 /* Pods_BountyTests.framework */; };
		5F2D632CC402C9AA1AF00C21 /* Pods_Bounty.framework in Frameworks */ = {isa = PBXBuildFile; fileRef = 898EC7A50F98B0BA8E6A879A /* Pods_Bounty.framework */; };
		FD025ABA248DEE7200883D62 /* ExploreTableViewCell.swift in Sources */ = {isa = PBXBuildFile; fileRef = FD025AB9248DEE7200883D62 /* ExploreTableViewCell.swift */; };
		FD025ABC248DEE9E00883D62 /* ExploreTableViewController.swift in Sources */ = {isa = PBXBuildFile; fileRef = FD025ABB248DEE9E00883D62 /* ExploreTableViewController.swift */; };
		FD025ABF248DFE3A00883D62 /* SubscriptionsTableViewController.swift in Sources */ = {isa = PBXBuildFile; fileRef = FD025ABE248DFE3A00883D62 /* SubscriptionsTableViewController.swift */; };
		FD025AC1248DFE5E00883D62 /* SubscriptionsTableViewCell.swift in Sources */ = {isa = PBXBuildFile; fileRef = FD025AC0248DFE5E00883D62 /* SubscriptionsTableViewCell.swift */; };
		FD2411F424CF71F4003541F9 /* Extensions.swift in Sources */ = {isa = PBXBuildFile; fileRef = FD2411F324CF71F4003541F9 /* Extensions.swift */; };
		FD2B9F96248C66BC004F9EA8 /* Comments.swift in Sources */ = {isa = PBXBuildFile; fileRef = FD2B9F95248C66BC004F9EA8 /* Comments.swift */; };
		FD2B9F98248C671B004F9EA8 /* Channel.swift in Sources */ = {isa = PBXBuildFile; fileRef = FD2B9F97248C671B004F9EA8 /* Channel.swift */; };
		FD4F28D1249153010051C786 /* NumCommas.swift in Sources */ = {isa = PBXBuildFile; fileRef = FD4F28D0249153010051C786 /* NumCommas.swift */; };
		FD5301CA24A44D40007E86E4 /* ExtraViewController.swift in Sources */ = {isa = PBXBuildFile; fileRef = FD5301C924A44D40007E86E4 /* ExtraViewController.swift */; };
		FD554F05247AEB7A00160F91 /* AppDelegate.swift in Sources */ = {isa = PBXBuildFile; fileRef = FD554F04247AEB7A00160F91 /* AppDelegate.swift */; };
		FD554F07247AEB7A00160F91 /* SceneDelegate.swift in Sources */ = {isa = PBXBuildFile; fileRef = FD554F06247AEB7A00160F91 /* SceneDelegate.swift */; };
		FD554F09247AEB7A00160F91 /* ViewController.swift in Sources */ = {isa = PBXBuildFile; fileRef = FD554F08247AEB7A00160F91 /* ViewController.swift */; };
		FD554F0C247AEB7A00160F91 /* Main.storyboard in Resources */ = {isa = PBXBuildFile; fileRef = FD554F0A247AEB7A00160F91 /* Main.storyboard */; };
		FD554F0E247AEB7C00160F91 /* Assets.xcassets in Resources */ = {isa = PBXBuildFile; fileRef = FD554F0D247AEB7C00160F91 /* Assets.xcassets */; };
		FD554F11247AEB7C00160F91 /* LaunchScreen.storyboard in Resources */ = {isa = PBXBuildFile; fileRef = FD554F0F247AEB7C00160F91 /* LaunchScreen.storyboard */; };
		FD554F1C247AEB7C00160F91 /* BountyTests.swift in Sources */ = {isa = PBXBuildFile; fileRef = FD554F1B247AEB7C00160F91 /* BountyTests.swift */; };
		FD554F27247AEB7C00160F91 /* BountyUITests.swift in Sources */ = {isa = PBXBuildFile; fileRef = FD554F26247AEB7C00160F91 /* BountyUITests.swift */; };
		FD6D8B0924AB13BC0044B050 /* SimplePopups.swift in Sources */ = {isa = PBXBuildFile; fileRef = FD6D8B0824AB13BC0044B050 /* SimplePopups.swift */; };
		FD6FFE3824A531AA005D7D41 /* EditProfileVC.swift in Sources */ = {isa = PBXBuildFile; fileRef = FD6FFE3724A531AA005D7D41 /* EditProfileVC.swift */; };
		FD78578E248AD0A500F944C4 /* GoogleService-Info.plist in Resources */ = {isa = PBXBuildFile; fileRef = FD78578D248AD0A500F944C4 /* GoogleService-Info.plist */; };
		FD8BD38E248C3224009228D1 /* Constants.swift in Sources */ = {isa = PBXBuildFile; fileRef = FD8BD38D248C3224009228D1 /* Constants.swift */; };
		FD91FF3524C5A25D00AEBFF9 /* User.swift in Sources */ = {isa = PBXBuildFile; fileRef = FD91FF3424C5A25D00AEBFF9 /* User.swift */; };
		FDC5B19B248AEFD4008DE36E /* CheckInternet.swift in Sources */ = {isa = PBXBuildFile; fileRef = FDC5B19A248AEFD4008DE36E /* CheckInternet.swift */; };
		FDD70DCA24CBAA7700D8E10D /* StripeApi.swift in Sources */ = {isa = PBXBuildFile; fileRef = FDD70DC924CBAA7700D8E10D /* StripeApi.swift */; };
		FDD70DCD24CBAD6700D8E10D /* UserService.swift in Sources */ = {isa = PBXBuildFile; fileRef = FDD70DCC24CBAD6700D8E10D /* UserService.swift */; };
		FDEF263C24904F5800625AEA /* CommentsTableViewCell.swift in Sources */ = {isa = PBXBuildFile; fileRef = FDEF263B24904F5700625AEA /* CommentsTableViewCell.swift */; };
		FDEF263E24904F9000625AEA /* CommentsTableViewController.swift in Sources */ = {isa = PBXBuildFile; fileRef = FDEF263D24904F9000625AEA /* CommentsTableViewController.swift */; };
		FDEF2640249050C900625AEA /* addActivityIndicator.swift in Sources */ = {isa = PBXBuildFile; fileRef = FDEF263F249050C900625AEA /* addActivityIndicator.swift */; };
		FDF3C26724C224660077FC4F /* AddCommentVC.swift in Sources */ = {isa = PBXBuildFile; fileRef = FDF3C26624C224660077FC4F /* AddCommentVC.swift */; };
		FDF3E77C24A2A7AF002D6DEE /* EditChannelVC.swift in Sources */ = {isa = PBXBuildFile; fileRef = FDF3E77B24A2A7AF002D6DEE /* EditChannelVC.swift */; };
/* End PBXBuildFile section */

/* Begin PBXContainerItemProxy section */
		FD554F18247AEB7C00160F91 /* PBXContainerItemProxy */ = {
			isa = PBXContainerItemProxy;
			containerPortal = FD554EF9247AEB7A00160F91 /* Project object */;
			proxyType = 1;
			remoteGlobalIDString = FD554F00247AEB7A00160F91;
			remoteInfo = Bounty;
		};
		FD554F23247AEB7C00160F91 /* PBXContainerItemProxy */ = {
			isa = PBXContainerItemProxy;
			containerPortal = FD554EF9247AEB7A00160F91 /* Project object */;
			proxyType = 1;
			remoteGlobalIDString = FD554F00247AEB7A00160F91;
			remoteInfo = Bounty;
		};
/* End PBXContainerItemProxy section */

/* Begin PBXFileReference section */
		059A0E77C6313B174590C951 /* Pods_BountyTests.framework */ = {isa = PBXFileReference; explicitFileType = wrapper.framework; includeInIndex = 0; path = Pods_BountyTests.framework; sourceTree = BUILT_PRODUCTS_DIR; };
		644EF4D0D24F8E66FF1473CD /* Pods-Bounty-BountyUITests.debug.xcconfig */ = {isa = PBXFileReference; includeInIndex = 1; lastKnownFileType = text.xcconfig; name = "Pods-Bounty-BountyUITests.debug.xcconfig"; path = "Target Support Files/Pods-Bounty-BountyUITests/Pods-Bounty-BountyUITests.debug.xcconfig"; sourceTree = "<group>"; };
		898EC7A50F98B0BA8E6A879A /* Pods_Bounty.framework */ = {isa = PBXFileReference; explicitFileType = wrapper.framework; includeInIndex = 0; path = Pods_Bounty.framework; sourceTree = BUILT_PRODUCTS_DIR; };
		90542F9DDE5BD0CA7172B5E7 /* Pods_Bounty_BountyUITests.framework */ = {isa = PBXFileReference; explicitFileType = wrapper.framework; includeInIndex = 0; path = Pods_Bounty_BountyUITests.framework; sourceTree = BUILT_PRODUCTS_DIR; };
		936F5358C43D73C849C241FA /* Pods-Bounty-BountyUITests.release.xcconfig */ = {isa = PBXFileReference; includeInIndex = 1; lastKnownFileType = text.xcconfig; name = "Pods-Bounty-BountyUITests.release.xcconfig"; path = "Target Support Files/Pods-Bounty-BountyUITests/Pods-Bounty-BountyUITests.release.xcconfig"; sourceTree = "<group>"; };
		D86EA17292BD3FDB68956DAF /* Pods-Bounty.debug.xcconfig */ = {isa = PBXFileReference; includeInIndex = 1; lastKnownFileType = text.xcconfig; name = "Pods-Bounty.debug.xcconfig"; path = "Target Support Files/Pods-Bounty/Pods-Bounty.debug.xcconfig"; sourceTree = "<group>"; };
		EF14D3260C9EB9455E5993DB /* Pods-BountyTests.release.xcconfig */ = {isa = PBXFileReference; includeInIndex = 1; lastKnownFileType = text.xcconfig; name = "Pods-BountyTests.release.xcconfig"; path = "Target Support Files/Pods-BountyTests/Pods-BountyTests.release.xcconfig"; sourceTree = "<group>"; };
		F2B4F6FE8660CBF77708191C /* Pods-Bounty.release.xcconfig */ = {isa = PBXFileReference; includeInIndex = 1; lastKnownFileType = text.xcconfig; name = "Pods-Bounty.release.xcconfig"; path = "Target Support Files/Pods-Bounty/Pods-Bounty.release.xcconfig"; sourceTree = "<group>"; };
		FD025AB9248DEE7200883D62 /* ExploreTableViewCell.swift */ = {isa = PBXFileReference; lastKnownFileType = sourcecode.swift; path = ExploreTableViewCell.swift; sourceTree = "<group>"; };
		FD025ABB248DEE9E00883D62 /* ExploreTableViewController.swift */ = {isa = PBXFileReference; lastKnownFileType = sourcecode.swift; path = ExploreTableViewController.swift; sourceTree = "<group>"; };
		FD025ABE248DFE3A00883D62 /* SubscriptionsTableViewController.swift */ = {isa = PBXFileReference; lastKnownFileType = sourcecode.swift; path = SubscriptionsTableViewController.swift; sourceTree = "<group>"; };
		FD025AC0248DFE5E00883D62 /* SubscriptionsTableViewCell.swift */ = {isa = PBXFileReference; lastKnownFileType = sourcecode.swift; path = SubscriptionsTableViewCell.swift; sourceTree = "<group>"; };
		FD2411F324CF71F4003541F9 /* Extensions.swift */ = {isa = PBXFileReference; lastKnownFileType = sourcecode.swift; path = Extensions.swift; sourceTree = "<group>"; };
		FD2B9F95248C66BC004F9EA8 /* Comments.swift */ = {isa = PBXFileReference; lastKnownFileType = sourcecode.swift; path = Comments.swift; sourceTree = "<group>"; };
		FD2B9F97248C671B004F9EA8 /* Channel.swift */ = {isa = PBXFileReference; lastKnownFileType = sourcecode.swift; path = Channel.swift; sourceTree = "<group>"; };
		FD4F28D0249153010051C786 /* NumCommas.swift */ = {isa = PBXFileReference; lastKnownFileType = sourcecode.swift; path = NumCommas.swift; sourceTree = "<group>"; };
		FD5301C924A44D40007E86E4 /* ExtraViewController.swift */ = {isa = PBXFileReference; lastKnownFileType = sourcecode.swift; path = ExtraViewController.swift; sourceTree = "<group>"; };
		FD554F01247AEB7A00160F91 /* Bounty.app */ = {isa = PBXFileReference; explicitFileType = wrapper.application; includeInIndex = 0; path = Bounty.app; sourceTree = BUILT_PRODUCTS_DIR; };
		FD554F04247AEB7A00160F91 /* AppDelegate.swift */ = {isa = PBXFileReference; lastKnownFileType = sourcecode.swift; path = AppDelegate.swift; sourceTree = "<group>"; };
		FD554F06247AEB7A00160F91 /* SceneDelegate.swift */ = {isa = PBXFileReference; lastKnownFileType = sourcecode.swift; path = SceneDelegate.swift; sourceTree = "<group>"; };
		FD554F08247AEB7A00160F91 /* ViewController.swift */ = {isa = PBXFileReference; lastKnownFileType = sourcecode.swift; path = ViewController.swift; sourceTree = "<group>"; };
		FD554F0B247AEB7A00160F91 /* Base */ = {isa = PBXFileReference; lastKnownFileType = file.storyboard; name = Base; path = Base.lproj/Main.storyboard; sourceTree = "<group>"; };
		FD554F0D247AEB7C00160F91 /* Assets.xcassets */ = {isa = PBXFileReference; lastKnownFileType = folder.assetcatalog; path = Assets.xcassets; sourceTree = "<group>"; };
		FD554F10247AEB7C00160F91 /* Base */ = {isa = PBXFileReference; lastKnownFileType = file.storyboard; name = Base; path = Base.lproj/LaunchScreen.storyboard; sourceTree = "<group>"; };
		FD554F12247AEB7C00160F91 /* Info.plist */ = {isa = PBXFileReference; lastKnownFileType = text.plist.xml; path = Info.plist; sourceTree = "<group>"; };
		FD554F17247AEB7C00160F91 /* BountyTests.xctest */ = {isa = PBXFileReference; explicitFileType = wrapper.cfbundle; includeInIndex = 0; path = BountyTests.xctest; sourceTree = BUILT_PRODUCTS_DIR; };
		FD554F1B247AEB7C00160F91 /* BountyTests.swift */ = {isa = PBXFileReference; lastKnownFileType = sourcecode.swift; path = BountyTests.swift; sourceTree = "<group>"; };
		FD554F1D247AEB7C00160F91 /* Info.plist */ = {isa = PBXFileReference; lastKnownFileType = text.plist.xml; path = Info.plist; sourceTree = "<group>"; };
		FD554F22247AEB7C00160F91 /* BountyUITests.xctest */ = {isa = PBXFileReference; explicitFileType = wrapper.cfbundle; includeInIndex = 0; path = BountyUITests.xctest; sourceTree = BUILT_PRODUCTS_DIR; };
		FD554F26247AEB7C00160F91 /* BountyUITests.swift */ = {isa = PBXFileReference; lastKnownFileType = sourcecode.swift; path = BountyUITests.swift; sourceTree = "<group>"; };
		FD554F28247AEB7C00160F91 /* Info.plist */ = {isa = PBXFileReference; lastKnownFileType = text.plist.xml; path = Info.plist; sourceTree = "<group>"; };
		FD6D8B0824AB13BC0044B050 /* SimplePopups.swift */ = {isa = PBXFileReference; lastKnownFileType = sourcecode.swift; path = SimplePopups.swift; sourceTree = "<group>"; };
		FD6FFE3724A531AA005D7D41 /* EditProfileVC.swift */ = {isa = PBXFileReference; lastKnownFileType = sourcecode.swift; path = EditProfileVC.swift; sourceTree = "<group>"; };
		FD78578D248AD0A500F944C4 /* GoogleService-Info.plist */ = {isa = PBXFileReference; fileEncoding = 4; lastKnownFileType = text.plist.xml; path = "GoogleService-Info.plist"; sourceTree = "<group>"; };
		FD8BD38D248C3224009228D1 /* Constants.swift */ = {isa = PBXFileReference; lastKnownFileType = sourcecode.swift; path = Constants.swift; sourceTree = "<group>"; };
		FD91FF3424C5A25D00AEBFF9 /* User.swift */ = {isa = PBXFileReference; lastKnownFileType = sourcecode.swift; path = User.swift; sourceTree = "<group>"; };
		FDC5B19A248AEFD4008DE36E /* CheckInternet.swift */ = {isa = PBXFileReference; lastKnownFileType = sourcecode.swift; path = CheckInternet.swift; sourceTree = "<group>"; };
		FDD59EB8709B944C0801AD96 /* Pods-BountyTests.debug.xcconfig */ = {isa = PBXFileReference; includeInIndex = 1; lastKnownFileType = text.xcconfig; name = "Pods-BountyTests.debug.xcconfig"; path = "Target Support Files/Pods-BountyTests/Pods-BountyTests.debug.xcconfig"; sourceTree = "<group>"; };
		FDD70DC924CBAA7700D8E10D /* StripeApi.swift */ = {isa = PBXFileReference; lastKnownFileType = sourcecode.swift; path = StripeApi.swift; sourceTree = "<group>"; };
		FDD70DCC24CBAD6700D8E10D /* UserService.swift */ = {isa = PBXFileReference; lastKnownFileType = sourcecode.swift; path = UserService.swift; sourceTree = "<group>"; };
		FDEF263B24904F5700625AEA /* CommentsTableViewCell.swift */ = {isa = PBXFileReference; lastKnownFileType = sourcecode.swift; path = CommentsTableViewCell.swift; sourceTree = "<group>"; };
		FDEF263D24904F9000625AEA /* CommentsTableViewController.swift */ = {isa = PBXFileReference; lastKnownFileType = sourcecode.swift; path = CommentsTableViewController.swift; sourceTree = "<group>"; };
		FDEF263F249050C900625AEA /* addActivityIndicator.swift */ = {isa = PBXFileReference; lastKnownFileType = sourcecode.swift; path = addActivityIndicator.swift; sourceTree = "<group>"; };
		FDF3C26624C224660077FC4F /* AddCommentVC.swift */ = {isa = PBXFileReference; lastKnownFileType = sourcecode.swift; path = AddCommentVC.swift; sourceTree = "<group>"; };
		FDF3E77B24A2A7AF002D6DEE /* EditChannelVC.swift */ = {isa = PBXFileReference; lastKnownFileType = sourcecode.swift; path = EditChannelVC.swift; sourceTree = "<group>"; };
/* End PBXFileReference section */

/* Begin PBXFrameworksBuildPhase section */
		FD554EFE247AEB7A00160F91 /* Frameworks */ = {
			isa = PBXFrameworksBuildPhase;
			buildActionMask = 2147483647;
			files = (
				5F2D632CC402C9AA1AF00C21 /* Pods_Bounty.framework in Frameworks */,
			);
			runOnlyForDeploymentPostprocessing = 0;
		};
		FD554F14247AEB7C00160F91 /* Frameworks */ = {
			isa = PBXFrameworksBuildPhase;
			buildActionMask = 2147483647;
			files = (
				4B96A2C765815040E8E5B6D7 /* Pods_BountyTests.framework in Frameworks */,
			);
			runOnlyForDeploymentPostprocessing = 0;
		};
		FD554F1F247AEB7C00160F91 /* Frameworks */ = {
			isa = PBXFrameworksBuildPhase;
			buildActionMask = 2147483647;
			files = (
				2C71ED0AD4CB47D8BD2F9237 /* Pods_Bounty_BountyUITests.framework in Frameworks */,
			);
			runOnlyForDeploymentPostprocessing = 0;
		};
/* End PBXFrameworksBuildPhase section */

/* Begin PBXGroup section */
		415705C40911997856B54AB3 /* Pods */ = {
			isa = PBXGroup;
			children = (
				D86EA17292BD3FDB68956DAF /* Pods-Bounty.debug.xcconfig */,
				F2B4F6FE8660CBF77708191C /* Pods-Bounty.release.xcconfig */,
				644EF4D0D24F8E66FF1473CD /* Pods-Bounty-BountyUITests.debug.xcconfig */,
				936F5358C43D73C849C241FA /* Pods-Bounty-BountyUITests.release.xcconfig */,
				FDD59EB8709B944C0801AD96 /* Pods-BountyTests.debug.xcconfig */,
				EF14D3260C9EB9455E5993DB /* Pods-BountyTests.release.xcconfig */,
			);
			path = Pods;
			sourceTree = "<group>";
		};
		975D1437E332B5BDF7219CC6 /* Frameworks */ = {
			isa = PBXGroup;
			children = (
				898EC7A50F98B0BA8E6A879A /* Pods_Bounty.framework */,
				90542F9DDE5BD0CA7172B5E7 /* Pods_Bounty_BountyUITests.framework */,
				059A0E77C6313B174590C951 /* Pods_BountyTests.framework */,
			);
			name = Frameworks;
			sourceTree = "<group>";
		};
		FD025AB7248D64FE00883D62 /* Cells  */ = {
			isa = PBXGroup;
			children = (
				FD025AB9248DEE7200883D62 /* ExploreTableViewCell.swift */,
				FD025AC0248DFE5E00883D62 /* SubscriptionsTableViewCell.swift */,
				FDEF263B24904F5700625AEA /* CommentsTableViewCell.swift */,
			);
			path = "Cells ";
			sourceTree = "<group>";
		};
		FD025AB8248D650200883D62 /* ViewControllers */ = {
			isa = PBXGroup;
			children = (
				FD554F08247AEB7A00160F91 /* ViewController.swift */,
				FD025ABB248DEE9E00883D62 /* ExploreTableViewController.swift */,
				FD025ABE248DFE3A00883D62 /* SubscriptionsTableViewController.swift */,
				FDEF263D24904F9000625AEA /* CommentsTableViewController.swift */,
				FD5301C924A44D40007E86E4 /* ExtraViewController.swift */,
				FDF3E77B24A2A7AF002D6DEE /* EditChannelVC.swift */,
				FD6FFE3724A531AA005D7D41 /* EditProfileVC.swift */,
				FDF3C26624C224660077FC4F /* AddCommentVC.swift */,
			);
			path = ViewControllers;
			sourceTree = "<group>";
		};
		FD2B9F92248C667D004F9EA8 /* Models */ = {
			isa = PBXGroup;
			children = (
				FD2B9F95248C66BC004F9EA8 /* Comments.swift */,
				FD2B9F97248C671B004F9EA8 /* Channel.swift */,
				FD91FF3424C5A25D00AEBFF9 /* User.swift */,
			);
			path = Models;
			sourceTree = "<group>";
		};
		FD554EF8247AEB7A00160F91 = {
			isa = PBXGroup;
			children = (
				FD554F03247AEB7A00160F91 /* Bounty */,
				FD554F1A247AEB7C00160F91 /* BountyTests */,
				FD554F25247AEB7C00160F91 /* BountyUITests */,
				FD554F02247AEB7A00160F91 /* Products */,
				415705C40911997856B54AB3 /* Pods */,
				975D1437E332B5BDF7219CC6 /* Frameworks */,
			);
			sourceTree = "<group>";
		};
		FD554F02247AEB7A00160F91 /* Products */ = {
			isa = PBXGroup;
			children = (
				FD554F01247AEB7A00160F91 /* Bounty.app */,
				FD554F17247AEB7C00160F91 /* BountyTests.xctest */,
				FD554F22247AEB7C00160F91 /* BountyUITests.xctest */,
			);
			name = Products;
			sourceTree = "<group>";
		};
		FD554F03247AEB7A00160F91 /* Bounty */ = {
			isa = PBXGroup;
			children = (
				FDD70DCB24CBAD3D00D8E10D /* Services */,
				FDD70DC824CBAA5800D8E10D /* Stripe */,
				FD025AB8248D650200883D62 /* ViewControllers */,
				FD025AB7248D64FE00883D62 /* Cells  */,
				FD2B9F92248C667D004F9EA8 /* Models */,
				FD8BD38C248C3207009228D1 /* Utils */,
				FD554F04247AEB7A00160F91 /* AppDelegate.swift */,
				FD554F06247AEB7A00160F91 /* SceneDelegate.swift */,
				FD554F0A247AEB7A00160F91 /* Main.storyboard */,
				FD554F0D247AEB7C00160F91 /* Assets.xcassets */,
				FD554F0F247AEB7C00160F91 /* LaunchScreen.storyboard */,
				FD78578D248AD0A500F944C4 /* GoogleService-Info.plist */,
				FD554F12247AEB7C00160F91 /* Info.plist */,
			);
			path = Bounty;
			sourceTree = "<group>";
		};
		FD554F1A247AEB7C00160F91 /* BountyTests */ = {
			isa = PBXGroup;
			children = (
				FD554F1B247AEB7C00160F91 /* BountyTests.swift */,
				FD554F1D247AEB7C00160F91 /* Info.plist */,
			);
			path = BountyTests;
			sourceTree = "<group>";
		};
		FD554F25247AEB7C00160F91 /* BountyUITests */ = {
			isa = PBXGroup;
			children = (
				FD554F26247AEB7C00160F91 /* BountyUITests.swift */,
				FD554F28247AEB7C00160F91 /* Info.plist */,
			);
			path = BountyUITests;
			sourceTree = "<group>";
		};
		FD8BD38C248C3207009228D1 /* Utils */ = {
			isa = PBXGroup;
			children = (
				FDC5B19A248AEFD4008DE36E /* CheckInternet.swift */,
				FD8BD38D248C3224009228D1 /* Constants.swift */,
				FDEF263F249050C900625AEA /* addActivityIndicator.swift */,
				FD4F28D0249153010051C786 /* NumCommas.swift */,
				FD6D8B0824AB13BC0044B050 /* SimplePopups.swift */,
				FD2411F324CF71F4003541F9 /* Extensions.swift */,
			);
			path = Utils;
			sourceTree = "<group>";
		};
		FDD70DC824CBAA5800D8E10D /* Stripe */ = {
			isa = PBXGroup;
			children = (
				FDD70DC924CBAA7700D8E10D /* StripeApi.swift */,
			);
			path = Stripe;
			sourceTree = "<group>";
		};
		FDD70DCB24CBAD3D00D8E10D /* Services */ = {
			isa = PBXGroup;
			children = (
				FDD70DCC24CBAD6700D8E10D /* UserService.swift */,
			);
			path = Services;
			sourceTree = "<group>";
		};
/* End PBXGroup section */

/* Begin PBXNativeTarget section */
		FD554F00247AEB7A00160F91 /* Bounty */ = {
			isa = PBXNativeTarget;
			buildConfigurationList = FD554F2B247AEB7C00160F91 /* Build configuration list for PBXNativeTarget "Bounty" */;
			buildPhases = (
				DF2092D75CD05C8B9D4CBAEB /* [CP] Check Pods Manifest.lock */,
				FD554EFD247AEB7A00160F91 /* Sources */,
				FD554EFE247AEB7A00160F91 /* Frameworks */,
				FD554EFF247AEB7A00160F91 /* Resources */,
				B5E2B59872BA6C56E7D2A14B /* [CP] Embed Pods Frameworks */,
				387394E4AC000736A1854A3B /* [CP] Copy Pods Resources */,
			);
			buildRules = (
			);
			dependencies = (
			);
			name = Bounty;
			productName = Bounty;
			productReference = FD554F01247AEB7A00160F91 /* Bounty.app */;
			productType = "com.apple.product-type.application";
		};
		FD554F16247AEB7C00160F91 /* BountyTests */ = {
			isa = PBXNativeTarget;
			buildConfigurationList = FD554F2E247AEB7C00160F91 /* Build configuration list for PBXNativeTarget "BountyTests" */;
			buildPhases = (
				B00AC4B674166EDB8916FB17 /* [CP] Check Pods Manifest.lock */,
				FD554F13247AEB7C00160F91 /* Sources */,
				FD554F14247AEB7C00160F91 /* Frameworks */,
				FD554F15247AEB7C00160F91 /* Resources */,
			);
			buildRules = (
			);
			dependencies = (
				FD554F19247AEB7C00160F91 /* PBXTargetDependency */,
			);
			name = BountyTests;
			productName = BountyTests;
			productReference = FD554F17247AEB7C00160F91 /* BountyTests.xctest */;
			productType = "com.apple.product-type.bundle.unit-test";
		};
		FD554F21247AEB7C00160F91 /* BountyUITests */ = {
			isa = PBXNativeTarget;
			buildConfigurationList = FD554F31247AEB7C00160F91 /* Build configuration list for PBXNativeTarget "BountyUITests" */;
			buildPhases = (
				46341C6A739E73A12963E4C0 /* [CP] Check Pods Manifest.lock */,
				FD554F1E247AEB7C00160F91 /* Sources */,
				FD554F1F247AEB7C00160F91 /* Frameworks */,
				FD554F20247AEB7C00160F91 /* Resources */,
				3AD52888A9A601505DED87B9 /* [CP] Embed Pods Frameworks */,
				D147AEF488504BDFD035F97E /* [CP] Copy Pods Resources */,
			);
			buildRules = (
			);
			dependencies = (
				FD554F24247AEB7C00160F91 /* PBXTargetDependency */,
			);
			name = BountyUITests;
			productName = BountyUITests;
			productReference = FD554F22247AEB7C00160F91 /* BountyUITests.xctest */;
			productType = "com.apple.product-type.bundle.ui-testing";
		};
/* End PBXNativeTarget section */

/* Begin PBXProject section */
		FD554EF9247AEB7A00160F91 /* Project object */ = {
			isa = PBXProject;
			attributes = {
				LastSwiftUpdateCheck = 1130;
				LastUpgradeCheck = 1130;
				ORGANIZATIONNAME = FireflyGlobe;
				TargetAttributes = {
					FD554F00247AEB7A00160F91 = {
						CreatedOnToolsVersion = 11.3.1;
					};
					FD554F16247AEB7C00160F91 = {
						CreatedOnToolsVersion = 11.3.1;
						TestTargetID = FD554F00247AEB7A00160F91;
					};
					FD554F21247AEB7C00160F91 = {
						CreatedOnToolsVersion = 11.3.1;
						TestTargetID = FD554F00247AEB7A00160F91;
					};
				};
			};
			buildConfigurationList = FD554EFC247AEB7A00160F91 /* Build configuration list for PBXProject "Bounty" */;
			compatibilityVersion = "Xcode 9.3";
			developmentRegion = en;
			hasScannedForEncodings = 0;
			knownRegions = (
				en,
				Base,
			);
			mainGroup = FD554EF8247AEB7A00160F91;
			productRefGroup = FD554F02247AEB7A00160F91 /* Products */;
			projectDirPath = "";
			projectRoot = "";
			targets = (
				FD554F00247AEB7A00160F91 /* Bounty */,
				FD554F16247AEB7C00160F91 /* BountyTests */,
				FD554F21247AEB7C00160F91 /* BountyUITests */,
			);
		};
/* End PBXProject section */

/* Begin PBXResourcesBuildPhase section */
		FD554EFF247AEB7A00160F91 /* Resources */ = {
			isa = PBXResourcesBuildPhase;
			buildActionMask = 2147483647;
			files = (
				FD554F11247AEB7C00160F91 /* LaunchScreen.storyboard in Resources */,
				FD78578E248AD0A500F944C4 /* GoogleService-Info.plist in Resources */,
				FD554F0E247AEB7C00160F91 /* Assets.xcassets in Resources */,
				FD554F0C247AEB7A00160F91 /* Main.storyboard in Resources */,
			);
			runOnlyForDeploymentPostprocessing = 0;
		};
		FD554F15247AEB7C00160F91 /* Resources */ = {
			isa = PBXResourcesBuildPhase;
			buildActionMask = 2147483647;
			files = (
			);
			runOnlyForDeploymentPostprocessing = 0;
		};
		FD554F20247AEB7C00160F91 /* Resources */ = {
			isa = PBXResourcesBuildPhase;
			buildActionMask = 2147483647;
			files = (
			);
			runOnlyForDeploymentPostprocessing = 0;
		};
/* End PBXResourcesBuildPhase section */

/* Begin PBXShellScriptBuildPhase section */
		387394E4AC000736A1854A3B /* [CP] Copy Pods Resources */ = {
			isa = PBXShellScriptBuildPhase;
			buildActionMask = 2147483647;
			files = (
			);
			inputFileListPaths = (
				"${PODS_ROOT}/Target Support Files/Pods-Bounty/Pods-Bounty-resources-${CONFIGURATION}-input-files.xcfilelist",
			);
			name = "[CP] Copy Pods Resources";
			outputFileListPaths = (
				"${PODS_ROOT}/Target Support Files/Pods-Bounty/Pods-Bounty-resources-${CONFIGURATION}-output-files.xcfilelist",
			);
			runOnlyForDeploymentPostprocessing = 0;
			shellPath = /bin/sh;
			shellScript = "\"${PODS_ROOT}/Target Support Files/Pods-Bounty/Pods-Bounty-resources.sh\"\n";
			showEnvVarsInLog = 0;
		};
		3AD52888A9A601505DED87B9 /* [CP] Embed Pods Frameworks */ = {
			isa = PBXShellScriptBuildPhase;
			buildActionMask = 2147483647;
			files = (
			);
			inputFileListPaths = (
				"${PODS_ROOT}/Target Support Files/Pods-Bounty-BountyUITests/Pods-Bounty-BountyUITests-frameworks-${CONFIGURATION}-input-files.xcfilelist",
			);
			name = "[CP] Embed Pods Frameworks";
			outputFileListPaths = (
				"${PODS_ROOT}/Target Support Files/Pods-Bounty-BountyUITests/Pods-Bounty-BountyUITests-frameworks-${CONFIGURATION}-output-files.xcfilelist",
			);
			runOnlyForDeploymentPostprocessing = 0;
			shellPath = /bin/sh;
			shellScript = "\"${PODS_ROOT}/Target Support Files/Pods-Bounty-BountyUITests/Pods-Bounty-BountyUITests-frameworks.sh\"\n";
			showEnvVarsInLog = 0;
		};
		46341C6A739E73A12963E4C0 /* [CP] Check Pods Manifest.lock */ = {
			isa = PBXShellScriptBuildPhase;
			buildActionMask = 2147483647;
			files = (
			);
			inputFileListPaths = (
			);
			inputPaths = (
				"${PODS_PODFILE_DIR_PATH}/Podfile.lock",
				"${PODS_ROOT}/Manifest.lock",
			);
			name = "[CP] Check Pods Manifest.lock";
			outputFileListPaths = (
			);
			outputPaths = (
				"$(DERIVED_FILE_DIR)/Pods-Bounty-BountyUITests-checkManifestLockResult.txt",
			);
			runOnlyForDeploymentPostprocessing = 0;
			shellPath = /bin/sh;
			shellScript = "diff \"${PODS_PODFILE_DIR_PATH}/Podfile.lock\" \"${PODS_ROOT}/Manifest.lock\" > /dev/null\nif [ $? != 0 ] ; then\n    # print error to STDERR\n    echo \"error: The sandbox is not in sync with the Podfile.lock. Run 'pod install' or update your CocoaPods installation.\" >&2\n    exit 1\nfi\n# This output is used by Xcode 'outputs' to avoid re-running this script phase.\necho \"SUCCESS\" > \"${SCRIPT_OUTPUT_FILE_0}\"\n";
			showEnvVarsInLog = 0;
		};
		B00AC4B674166EDB8916FB17 /* [CP] Check Pods Manifest.lock */ = {
			isa = PBXShellScriptBuildPhase;
			buildActionMask = 2147483647;
			files = (
			);
			inputFileListPaths = (
			);
			inputPaths = (
				"${PODS_PODFILE_DIR_PATH}/Podfile.lock",
				"${PODS_ROOT}/Manifest.lock",
			);
			name = "[CP] Check Pods Manifest.lock";
			outputFileListPaths = (
			);
			outputPaths = (
				"$(DERIVED_FILE_DIR)/Pods-BountyTests-checkManifestLockResult.txt",
			);
			runOnlyForDeploymentPostprocessing = 0;
			shellPath = /bin/sh;
			shellScript = "diff \"${PODS_PODFILE_DIR_PATH}/Podfile.lock\" \"${PODS_ROOT}/Manifest.lock\" > /dev/null\nif [ $? != 0 ] ; then\n    # print error to STDERR\n    echo \"error: The sandbox is not in sync with the Podfile.lock. Run 'pod install' or update your CocoaPods installation.\" >&2\n    exit 1\nfi\n# This output is used by Xcode 'outputs' to avoid re-running this script phase.\necho \"SUCCESS\" > \"${SCRIPT_OUTPUT_FILE_0}\"\n";
			showEnvVarsInLog = 0;
		};
		B5E2B59872BA6C56E7D2A14B /* [CP] Embed Pods Frameworks */ = {
			isa = PBXShellScriptBuildPhase;
			buildActionMask = 2147483647;
			files = (
			);
			inputFileListPaths = (
				"${PODS_ROOT}/Target Support Files/Pods-Bounty/Pods-Bounty-frameworks-${CONFIGURATION}-input-files.xcfilelist",
			);
			name = "[CP] Embed Pods Frameworks";
			outputFileListPaths = (
				"${PODS_ROOT}/Target Support Files/Pods-Bounty/Pods-Bounty-frameworks-${CONFIGURATION}-output-files.xcfilelist",
			);
			runOnlyForDeploymentPostprocessing = 0;
			shellPath = /bin/sh;
			shellScript = "\"${PODS_ROOT}/Target Support Files/Pods-Bounty/Pods-Bounty-frameworks.sh\"\n";
			showEnvVarsInLog = 0;
		};
		D147AEF488504BDFD035F97E /* [CP] Copy Pods Resources */ = {
			isa = PBXShellScriptBuildPhase;
			buildActionMask = 2147483647;
			files = (
			);
			inputFileListPaths = (
				"${PODS_ROOT}/Target Support Files/Pods-Bounty-BountyUITests/Pods-Bounty-BountyUITests-resources-${CONFIGURATION}-input-files.xcfilelist",
			);
			name = "[CP] Copy Pods Resources";
			outputFileListPaths = (
				"${PODS_ROOT}/Target Support Files/Pods-Bounty-BountyUITests/Pods-Bounty-BountyUITests-resources-${CONFIGURATION}-output-files.xcfilelist",
			);
			runOnlyForDeploymentPostprocessing = 0;
			shellPath = /bin/sh;
			shellScript = "\"${PODS_ROOT}/Target Support Files/Pods-Bounty-BountyUITests/Pods-Bounty-BountyUITests-resources.sh\"\n";
			showEnvVarsInLog = 0;
		};
		DF2092D75CD05C8B9D4CBAEB /* [CP] Check Pods Manifest.lock */ = {
			isa = PBXShellScriptBuildPhase;
			buildActionMask = 2147483647;
			files = (
			);
			inputFileListPaths = (
			);
			inputPaths = (
				"${PODS_PODFILE_DIR_PATH}/Podfile.lock",
				"${PODS_ROOT}/Manifest.lock",
			);
			name = "[CP] Check Pods Manifest.lock";
			outputFileListPaths = (
			);
			outputPaths = (
				"$(DERIVED_FILE_DIR)/Pods-Bounty-checkManifestLockResult.txt",
			);
			runOnlyForDeploymentPostprocessing = 0;
			shellPath = /bin/sh;
			shellScript = "diff \"${PODS_PODFILE_DIR_PATH}/Podfile.lock\" \"${PODS_ROOT}/Manifest.lock\" > /dev/null\nif [ $? != 0 ] ; then\n    # print error to STDERR\n    echo \"error: The sandbox is not in sync with the Podfile.lock. Run 'pod install' or update your CocoaPods installation.\" >&2\n    exit 1\nfi\n# This output is used by Xcode 'outputs' to avoid re-running this script phase.\necho \"SUCCESS\" > \"${SCRIPT_OUTPUT_FILE_0}\"\n";
			showEnvVarsInLog = 0;
		};
/* End PBXShellScriptBuildPhase section */

/* Begin PBXSourcesBuildPhase section */
		FD554EFD247AEB7A00160F91 /* Sources */ = {
			isa = PBXSourcesBuildPhase;
			buildActionMask = 2147483647;
			files = (
				FD6D8B0924AB13BC0044B050 /* SimplePopups.swift in Sources */,
				FDD70DCA24CBAA7700D8E10D /* StripeApi.swift in Sources */,
				FD025ABC248DEE9E00883D62 /* ExploreTableViewController.swift in Sources */,
				FD2B9F98248C671B004F9EA8 /* Channel.swift in Sources */,
				FD8BD38E248C3224009228D1 /* Constants.swift in Sources */,
				FD025AC1248DFE5E00883D62 /* SubscriptionsTableViewCell.swift in Sources */,
				FD6FFE3824A531AA005D7D41 /* EditProfileVC.swift in Sources */,
				FDD70DCD24CBAD6700D8E10D /* UserService.swift in Sources */,
				FD025ABF248DFE3A00883D62 /* SubscriptionsTableViewController.swift in Sources */,
				FD5301CA24A44D40007E86E4 /* ExtraViewController.swift in Sources */,
				FDEF2640249050C900625AEA /* addActivityIndicator.swift in Sources */,
				FDF3E77C24A2A7AF002D6DEE /* EditChannelVC.swift in Sources */,
				FD025ABA248DEE7200883D62 /* ExploreTableViewCell.swift in Sources */,
				FDEF263E24904F9000625AEA /* CommentsTableViewController.swift in Sources */,
				FD554F09247AEB7A00160F91 /* ViewController.swift in Sources */,
				FD4F28D1249153010051C786 /* NumCommas.swift in Sources */,
				FDF3C26724C224660077FC4F /* AddCommentVC.swift in Sources */,
				FD2B9F96248C66BC004F9EA8 /* Comments.swift in Sources */,
				FDC5B19B248AEFD4008DE36E /* CheckInternet.swift in Sources */,
				FD2411F424CF71F4003541F9 /* Extensions.swift in Sources */,
				FD554F05247AEB7A00160F91 /* AppDelegate.swift in Sources */,
				FD554F07247AEB7A00160F91 /* SceneDelegate.swift in Sources */,
				FDEF263C24904F5800625AEA /* CommentsTableViewCell.swift in Sources */,
				FD91FF3524C5A25D00AEBFF9 /* User.swift in Sources */,
			);
			runOnlyForDeploymentPostprocessing = 0;
		};
		FD554F13247AEB7C00160F91 /* Sources */ = {
			isa = PBXSourcesBuildPhase;
			buildActionMask = 2147483647;
			files = (
				FD554F1C247AEB7C00160F91 /* BountyTests.swift in Sources */,
			);
			runOnlyForDeploymentPostprocessing = 0;
		};
		FD554F1E247AEB7C00160F91 /* Sources */ = {
			isa = PBXSourcesBuildPhase;
			buildActionMask = 2147483647;
			files = (
				FD554F27247AEB7C00160F91 /* BountyUITests.swift in Sources */,
			);
			runOnlyForDeploymentPostprocessing = 0;
		};
/* End PBXSourcesBuildPhase section */

/* Begin PBXTargetDependency section */
		FD554F19247AEB7C00160F91 /* PBXTargetDependency */ = {
			isa = PBXTargetDependency;
			target = FD554F00247AEB7A00160F91 /* Bounty */;
			targetProxy = FD554F18247AEB7C00160F91 /* PBXContainerItemProxy */;
		};
		FD554F24247AEB7C00160F91 /* PBXTargetDependency */ = {
			isa = PBXTargetDependency;
			target = FD554F00247AEB7A00160F91 /* Bounty */;
			targetProxy = FD554F23247AEB7C00160F91 /* PBXContainerItemProxy */;
		};
/* End PBXTargetDependency section */

/* Begin PBXVariantGroup section */
		FD554F0A247AEB7A00160F91 /* Main.storyboard */ = {
			isa = PBXVariantGroup;
			children = (
				FD554F0B247AEB7A00160F91 /* Base */,
			);
			name = Main.storyboard;
			sourceTree = "<group>";
		};
		FD554F0F247AEB7C00160F91 /* LaunchScreen.storyboard */ = {
			isa = PBXVariantGroup;
			children = (
				FD554F10247AEB7C00160F91 /* Base */,
			);
			name = LaunchScreen.storyboard;
			sourceTree = "<group>";
		};
/* End PBXVariantGroup section */

/* Begin XCBuildConfiguration section */
		FD554F29247AEB7C00160F91 /* Debug */ = {
			isa = XCBuildConfiguration;
			buildSettings = {
				ALWAYS_SEARCH_USER_PATHS = NO;
				CLANG_ANALYZER_NONNULL = YES;
				CLANG_ANALYZER_NUMBER_OBJECT_CONVERSION = YES_AGGRESSIVE;
				CLANG_CXX_LANGUAGE_STANDARD = "gnu++14";
				CLANG_CXX_LIBRARY = "libc++";
				CLANG_ENABLE_MODULES = YES;
				CLANG_ENABLE_OBJC_ARC = YES;
				CLANG_ENABLE_OBJC_WEAK = YES;
				CLANG_WARN_BLOCK_CAPTURE_AUTORELEASING = YES;
				CLANG_WARN_BOOL_CONVERSION = YES;
				CLANG_WARN_COMMA = YES;
				CLANG_WARN_CONSTANT_CONVERSION = YES;
				CLANG_WARN_DEPRECATED_OBJC_IMPLEMENTATIONS = YES;
				CLANG_WARN_DIRECT_OBJC_ISA_USAGE = YES_ERROR;
				CLANG_WARN_DOCUMENTATION_COMMENTS = YES;
				CLANG_WARN_EMPTY_BODY = YES;
				CLANG_WARN_ENUM_CONVERSION = YES;
				CLANG_WARN_INFINITE_RECURSION = YES;
				CLANG_WARN_INT_CONVERSION = YES;
				CLANG_WARN_NON_LITERAL_NULL_CONVERSION = YES;
				CLANG_WARN_OBJC_IMPLICIT_RETAIN_SELF = YES;
				CLANG_WARN_OBJC_LITERAL_CONVERSION = YES;
				CLANG_WARN_OBJC_ROOT_CLASS = YES_ERROR;
				CLANG_WARN_RANGE_LOOP_ANALYSIS = YES;
				CLANG_WARN_STRICT_PROTOTYPES = YES;
				CLANG_WARN_SUSPICIOUS_MOVE = YES;
				CLANG_WARN_UNGUARDED_AVAILABILITY = YES_AGGRESSIVE;
				CLANG_WARN_UNREACHABLE_CODE = YES;
				CLANG_WARN__DUPLICATE_METHOD_MATCH = YES;
				COPY_PHASE_STRIP = NO;
				DEBUG_INFORMATION_FORMAT = dwarf;
				ENABLE_STRICT_OBJC_MSGSEND = YES;
				ENABLE_TESTABILITY = YES;
				GCC_C_LANGUAGE_STANDARD = gnu11;
				GCC_DYNAMIC_NO_PIC = NO;
				GCC_NO_COMMON_BLOCKS = YES;
				GCC_OPTIMIZATION_LEVEL = 0;
				GCC_PREPROCESSOR_DEFINITIONS = (
					"DEBUG=1",
					"$(inherited)",
				);
				GCC_WARN_64_TO_32_BIT_CONVERSION = YES;
				GCC_WARN_ABOUT_RETURN_TYPE = YES_ERROR;
				GCC_WARN_UNDECLARED_SELECTOR = YES;
				GCC_WARN_UNINITIALIZED_AUTOS = YES_AGGRESSIVE;
				GCC_WARN_UNUSED_FUNCTION = YES;
				GCC_WARN_UNUSED_VARIABLE = YES;
				IPHONEOS_DEPLOYMENT_TARGET = 10.0;
				MTL_ENABLE_DEBUG_INFO = INCLUDE_SOURCE;
				MTL_FAST_MATH = YES;
				ONLY_ACTIVE_ARCH = YES;
				SDKROOT = iphoneos;
				SWIFT_ACTIVE_COMPILATION_CONDITIONS = DEBUG;
				SWIFT_OPTIMIZATION_LEVEL = "-Onone";
			};
			name = Debug;
		};
		FD554F2A247AEB7C00160F91 /* Release */ = {
			isa = XCBuildConfiguration;
			buildSettings = {
				ALWAYS_SEARCH_USER_PATHS = NO;
				CLANG_ANALYZER_NONNULL = YES;
				CLANG_ANALYZER_NUMBER_OBJECT_CONVERSION = YES_AGGRESSIVE;
				CLANG_CXX_LANGUAGE_STANDARD = "gnu++14";
				CLANG_CXX_LIBRARY = "libc++";
				CLANG_ENABLE_MODULES = YES;
				CLANG_ENABLE_OBJC_ARC = YES;
				CLANG_ENABLE_OBJC_WEAK = YES;
				CLANG_WARN_BLOCK_CAPTURE_AUTORELEASING = YES;
				CLANG_WARN_BOOL_CONVERSION = YES;
				CLANG_WARN_COMMA = YES;
				CLANG_WARN_CONSTANT_CONVERSION = YES;
				CLANG_WARN_DEPRECATED_OBJC_IMPLEMENTATIONS = YES;
				CLANG_WARN_DIRECT_OBJC_ISA_USAGE = YES_ERROR;
				CLANG_WARN_DOCUMENTATION_COMMENTS = YES;
				CLANG_WARN_EMPTY_BODY = YES;
				CLANG_WARN_ENUM_CONVERSION = YES;
				CLANG_WARN_INFINITE_RECURSION = YES;
				CLANG_WARN_INT_CONVERSION = YES;
				CLANG_WARN_NON_LITERAL_NULL_CONVERSION = YES;
				CLANG_WARN_OBJC_IMPLICIT_RETAIN_SELF = YES;
				CLANG_WARN_OBJC_LITERAL_CONVERSION = YES;
				CLANG_WARN_OBJC_ROOT_CLASS = YES_ERROR;
				CLANG_WARN_RANGE_LOOP_ANALYSIS = YES;
				CLANG_WARN_STRICT_PROTOTYPES = YES;
				CLANG_WARN_SUSPICIOUS_MOVE = YES;
				CLANG_WARN_UNGUARDED_AVAILABILITY = YES_AGGRESSIVE;
				CLANG_WARN_UNREACHABLE_CODE = YES;
				CLANG_WARN__DUPLICATE_METHOD_MATCH = YES;
				COPY_PHASE_STRIP = NO;
				DEBUG_INFORMATION_FORMAT = "dwarf-with-dsym";
				ENABLE_NS_ASSERTIONS = NO;
				ENABLE_STRICT_OBJC_MSGSEND = YES;
				GCC_C_LANGUAGE_STANDARD = gnu11;
				GCC_NO_COMMON_BLOCKS = YES;
				GCC_WARN_64_TO_32_BIT_CONVERSION = YES;
				GCC_WARN_ABOUT_RETURN_TYPE = YES_ERROR;
				GCC_WARN_UNDECLARED_SELECTOR = YES;
				GCC_WARN_UNINITIALIZED_AUTOS = YES_AGGRESSIVE;
				GCC_WARN_UNUSED_FUNCTION = YES;
				GCC_WARN_UNUSED_VARIABLE = YES;
				IPHONEOS_DEPLOYMENT_TARGET = 10.0;
				MTL_ENABLE_DEBUG_INFO = NO;
				MTL_FAST_MATH = YES;
				SDKROOT = iphoneos;
				SWIFT_COMPILATION_MODE = wholemodule;
				SWIFT_OPTIMIZATION_LEVEL = "-O";
				VALIDATE_PRODUCT = YES;
			};
			name = Release;
		};
		FD554F2C247AEB7C00160F91 /* Debug */ = {
			isa = XCBuildConfiguration;
			baseConfigurationReference = D86EA17292BD3FDB68956DAF /* Pods-Bounty.debug.xcconfig */;
			buildSettings = {
				ASSETCATALOG_COMPILER_APPICON_NAME = AppIcon;
				CODE_SIGN_STYLE = Automatic;
				INFOPLIST_FILE = Bounty/Info.plist;
				IPHONEOS_DEPLOYMENT_TARGET = 10.0;
				LD_RUNPATH_SEARCH_PATHS = (
					"$(inherited)",
					"@executable_path/Frameworks",
				);
				PRODUCT_BUNDLE_IDENTIFIER = com.FireflyGlobe.Bounty;
				PRODUCT_NAME = "$(TARGET_NAME)";
				SWIFT_VERSION = 5.0;
				TARGETED_DEVICE_FAMILY = "1,2";
			};
			name = Debug;
		};
		FD554F2D247AEB7C00160F91 /* Release */ = {
			isa = XCBuildConfiguration;
			baseConfigurationReference = F2B4F6FE8660CBF77708191C /* Pods-Bounty.release.xcconfig */;
			buildSettings = {
				ASSETCATALOG_COMPILER_APPICON_NAME = AppIcon;
				CODE_SIGN_STYLE = Automatic;
				INFOPLIST_FILE = Bounty/Info.plist;
				IPHONEOS_DEPLOYMENT_TARGET = 10.0;
				LD_RUNPATH_SEARCH_PATHS = (
					"$(inherited)",
					"@executable_path/Frameworks",
				);
				PRODUCT_BUNDLE_IDENTIFIER = com.FireflyGlobe.Bounty;
				PRODUCT_NAME = "$(TARGET_NAME)";
				SWIFT_VERSION = 5.0;
				TARGETED_DEVICE_FAMILY = "1,2";
			};
			name = Release;
		};
		FD554F2F247AEB7C00160F91 /* Debug */ = {
			isa = XCBuildConfiguration;
			baseConfigurationReference = FDD59EB8709B944C0801AD96 /* Pods-BountyTests.debug.xcconfig */;
			buildSettings = {
				ALWAYS_EMBED_SWIFT_STANDARD_LIBRARIES = YES;
				BUNDLE_LOADER = "$(TEST_HOST)";
				CODE_SIGN_STYLE = Automatic;
				INFOPLIST_FILE = BountyTests/Info.plist;
				IPHONEOS_DEPLOYMENT_TARGET = 13.2;
				LD_RUNPATH_SEARCH_PATHS = (
					"$(inherited)",
					"@executable_path/Frameworks",
					"@loader_path/Frameworks",
				);
				PRODUCT_BUNDLE_IDENTIFIER = com.FireflyGlobe.BountyTests;
				PRODUCT_NAME = "$(TARGET_NAME)";
				SWIFT_VERSION = 5.0;
				TARGETED_DEVICE_FAMILY = "1,2";
				TEST_HOST = "$(BUILT_PRODUCTS_DIR)/Bounty.app/Bounty";
			};
			name = Debug;
		};
		FD554F30247AEB7C00160F91 /* Release */ = {
			isa = XCBuildConfiguration;
			baseConfigurationReference = EF14D3260C9EB9455E5993DB /* Pods-BountyTests.release.xcconfig */;
			buildSettings = {
				ALWAYS_EMBED_SWIFT_STANDARD_LIBRARIES = YES;
				BUNDLE_LOADER = "$(TEST_HOST)";
				CODE_SIGN_STYLE = Automatic;
				INFOPLIST_FILE = BountyTests/Info.plist;
				IPHONEOS_DEPLOYMENT_TARGET = 13.2;
				LD_RUNPATH_SEARCH_PATHS = (
					"$(inherited)",
					"@executable_path/Frameworks",
					"@loader_path/Frameworks",
				);
				PRODUCT_BUNDLE_IDENTIFIER = com.FireflyGlobe.BountyTests;
				PRODUCT_NAME = "$(TARGET_NAME)";
				SWIFT_VERSION = 5.0;
				TARGETED_DEVICE_FAMILY = "1,2";
				TEST_HOST = "$(BUILT_PRODUCTS_DIR)/Bounty.app/Bounty";
			};
			name = Release;
		};
		FD554F32247AEB7C00160F91 /* Debug */ = {
			isa = XCBuildConfiguration;
			baseConfigurationReference = 644EF4D0D24F8E66FF1473CD /* Pods-Bounty-BountyUITests.debug.xcconfig */;
			buildSettings = {
				ALWAYS_EMBED_SWIFT_STANDARD_LIBRARIES = YES;
				CODE_SIGN_STYLE = Automatic;
				INFOPLIST_FILE = BountyUITests/Info.plist;
				LD_RUNPATH_SEARCH_PATHS = (
					"$(inherited)",
					"@executable_path/Frameworks",
					"@loader_path/Frameworks",
				);
				PRODUCT_BUNDLE_IDENTIFIER = com.FireflyGlobe.BountyUITests;
				PRODUCT_NAME = "$(TARGET_NAME)";
				SWIFT_VERSION = 5.0;
				TARGETED_DEVICE_FAMILY = "1,2";
				TEST_TARGET_NAME = Bounty;
			};
			name = Debug;
		};
		FD554F33247AEB7C00160F91 /* Release */ = {
			isa = XCBuildConfiguration;
			baseConfigurationReference = 936F5358C43D73C849C241FA /* Pods-Bounty-BountyUITests.release.xcconfig */;
			buildSettings = {
				ALWAYS_EMBED_SWIFT_STANDARD_LIBRARIES = YES;
				CODE_SIGN_STYLE = Automatic;
				INFOPLIST_FILE = BountyUITests/Info.plist;
				LD_RUNPATH_SEARCH_PATHS = (
					"$(inherited)",
					"@executable_path/Frameworks",
					"@loader_path/Frameworks",
				);
				PRODUCT_BUNDLE_IDENTIFIER = com.FireflyGlobe.BountyUITests;
				PRODUCT_NAME = "$(TARGET_NAME)";
				SWIFT_VERSION = 5.0;
				TARGETED_DEVICE_FAMILY = "1,2";
				TEST_TARGET_NAME = Bounty;
			};
			name = Release;
		};
/* End XCBuildConfiguration section */

/* Begin XCConfigurationList section */
		FD554EFC247AEB7A00160F91 /* Build configuration list for PBXProject "Bounty" */ = {
			isa = XCConfigurationList;
			buildConfigurations = (
				FD554F29247AEB7C00160F91 /* Debug */,
				FD554F2A247AEB7C00160F91 /* Release */,
			);
			defaultConfigurationIsVisible = 0;
			defaultConfigurationName = Release;
		};
		FD554F2B247AEB7C00160F91 /* Build configuration list for PBXNativeTarget "Bounty" */ = {
			isa = XCConfigurationList;
			buildConfigurations = (
				FD554F2C247AEB7C00160F91 /* Debug */,
				FD554F2D247AEB7C00160F91 /* Release */,
			);
			defaultConfigurationIsVisible = 0;
			defaultConfigurationName = Release;
		};
		FD554F2E247AEB7C00160F91 /* Build configuration list for PBXNativeTarget "BountyTests" */ = {
			isa = XCConfigurationList;
			buildConfigurations = (
				FD554F2F247AEB7C00160F91 /* Debug */,
				FD554F30247AEB7C00160F91 /* Release */,
			);
			defaultConfigurationIsVisible = 0;
			defaultConfigurationName = Release;
		};
		FD554F31247AEB7C00160F91 /* Build configuration list for PBXNativeTarget "BountyUITests" */ = {
			isa = XCConfigurationList;
			buildConfigurations = (
				FD554F32247AEB7C00160F91 /* Debug */,
				FD554F33247AEB7C00160F91 /* Release */,
			);
			defaultConfigurationIsVisible = 0;
			defaultConfigurationName = Release;
		};
/* End XCConfigurationList section */
	};
	rootObject = FD554EF9247AEB7A00160F91 /* Project object */;
}
